// !$*UTF8*$!
{
	archiveVersion = 1;
	classes = {
	};
	objectVersion = 50;
	objects = {

/* Begin PBXBuildFile section */
		752FEDB12194230C0060D029 /* MOLoadHttpsData.m in Sources */ = {isa = PBXBuildFile; fileRef = 752FEDB02194230C0060D029 /* MOLoadHttpsData.m */; };
		75362C87219946DC00893AC3 /* JiHuiViewController.m in Sources */ = {isa = PBXBuildFile; fileRef = 75362C86219946DC00893AC3 /* JiHuiViewController.m */; };
		75362C8B2199627900893AC3 /* HeTongViewController.m in Sources */ = {isa = PBXBuildFile; fileRef = 75362C8A2199627900893AC3 /* HeTongViewController.m */; };
		75362C92219978A700893AC3 /* ShouKuanViewController.m in Sources */ = {isa = PBXBuildFile; fileRef = 75362C91219978A700893AC3 /* ShouKuanViewController.m */; };
		75362CF1219A9FD900893AC3 /* AddGongYouViewController.m in Sources */ = {isa = PBXBuildFile; fileRef = 75362CF0219A9FD900893AC3 /* AddGongYouViewController.m */; };
		75362CF6219AA33200893AC3 /* AddSiYouViewController.m in Sources */ = {isa = PBXBuildFile; fileRef = 75362CF5219AA33200893AC3 /* AddSiYouViewController.m */; };
		75362D07219AC7CD00893AC3 /* XFTreePopupView.m in Sources */ = {isa = PBXBuildFile; fileRef = 75362D06219AC7CD00893AC3 /* XFTreePopupView.m */; };
		755F64A821A26E0A007331DA /* GouTongViewController.m in Sources */ = {isa = PBXBuildFile; fileRef = 755F64A721A26E0A007331DA /* GouTongViewController.m */; };
		7593E18F219523A400AA9BA5 /* XianSuoViewController.m in Sources */ = {isa = PBXBuildFile; fileRef = 7593E18E219523A400AA9BA5 /* XianSuoViewController.m */; };
		7593E19821952E8200AA9BA5 /* UserViewController.m in Sources */ = {isa = PBXBuildFile; fileRef = 7593E19721952E8200AA9BA5 /* UserViewController.m */; };
		7593E19F21954B4600AA9BA5 /* GongYouXianSuoCell.m in Sources */ = {isa = PBXBuildFile; fileRef = 7593E19D21954B4600AA9BA5 /* GongYouXianSuoCell.m */; };
		7593E1A021954B4600AA9BA5 /* GongYouXianSuoCell.xib in Resources */ = {isa = PBXBuildFile; fileRef = 7593E19E21954B4600AA9BA5 /* GongYouXianSuoCell.xib */; };
		7593E1A821955C7500AA9BA5 /* Model.m in Sources */ = {isa = PBXBuildFile; fileRef = 7593E1A721955C7500AA9BA5 /* Model.m */; };
		759A8D40219C0970006F58F7 /* AddGongYouConnectViewController.m in Sources */ = {isa = PBXBuildFile; fileRef = 759A8D3F219C0970006F58F7 /* AddGongYouConnectViewController.m */; };
		75A00B79219E60AE00815212 /* GTJL_Cell.m in Sources */ = {isa = PBXBuildFile; fileRef = 75A00B77219E60AE00815212 /* GTJL_Cell.m */; };
		75A00B7A219E60AE00815212 /* GTJL_Cell.xib in Resources */ = {isa = PBXBuildFile; fileRef = 75A00B78219E60AE00815212 /* GTJL_Cell.xib */; };
		75A00C54219EC2AC00815212 /* aaa.jpg in Resources */ = {isa = PBXBuildFile; fileRef = 75A00C53219EC2AC00815212 /* aaa.jpg */; };
		75C959DF219CF93500501E8E /* SQCustomButton.m in Sources */ = {isa = PBXBuildFile; fileRef = 75C959DD219CF93500501E8E /* SQCustomButton.m */; };
		75C959E2219D0AC400501E8E /* ADD_GouTongJiLu_ViewController.m in Sources */ = {isa = PBXBuildFile; fileRef = 75C959E1219D0AC400501E8E /* ADD_GouTongJiLu_ViewController.m */; };
		75C959E6219D1AEF00501E8E /* XianSuoDetails_One_ViewController.m in Sources */ = {isa = PBXBuildFile; fileRef = 75C959E5219D1AEF00501E8E /* XianSuoDetails_One_ViewController.m */; };
		75C959E9219D1AFF00501E8E /* XianSuoDetails_Two_ViewController.m in Sources */ = {isa = PBXBuildFile; fileRef = 75C959E8219D1AFF00501E8E /* XianSuoDetails_Two_ViewController.m */; };
		75D7D0DF21990F2A00B6242F /* SiYouViewController.m in Sources */ = {isa = PBXBuildFile; fileRef = 75D7D0DE21990F2A00B6242F /* SiYouViewController.m */; };
		75F9740721926D8B00F96078 /* AppDelegate.m in Sources */ = {isa = PBXBuildFile; fileRef = 75F9740621926D8B00F96078 /* AppDelegate.m */; };
		75F9740D21926D8B00F96078 /* Main.storyboard in Resources */ = {isa = PBXBuildFile; fileRef = 75F9740B21926D8B00F96078 /* Main.storyboard */; };
		75F9740F21926D8C00F96078 /* Assets.xcassets in Resources */ = {isa = PBXBuildFile; fileRef = 75F9740E21926D8C00F96078 /* Assets.xcassets */; };
		75F9741221926D8C00F96078 /* LaunchScreen.storyboard in Resources */ = {isa = PBXBuildFile; fileRef = 75F9741021926D8C00F96078 /* LaunchScreen.storyboard */; };
		75F9741521926D8C00F96078 /* main.m in Sources */ = {isa = PBXBuildFile; fileRef = 75F9741421926D8C00F96078 /* main.m */; };
		75F9741F21926D8C00F96078 /* SRM__Tests.m in Sources */ = {isa = PBXBuildFile; fileRef = 75F9741E21926D8C00F96078 /* SRM__Tests.m */; };
		75F9742A21926D8C00F96078 /* SRM__UITests.m in Sources */ = {isa = PBXBuildFile; fileRef = 75F9742921926D8C00F96078 /* SRM__UITests.m */; };
		75F9743B2192702C00F96078 /* Manager.m in Sources */ = {isa = PBXBuildFile; fileRef = 75F9743A2192702C00F96078 /* Manager.m */; };
		75F974402192709F00F96078 /* LoginViewController.m in Sources */ = {isa = PBXBuildFile; fileRef = 75F9743F2192709F00F96078 /* LoginViewController.m */; };
		75F97443219270AF00F96078 /* RegisterViewController.m in Sources */ = {isa = PBXBuildFile; fileRef = 75F97442219270AF00F96078 /* RegisterViewController.m */; };
		75F97446219270BF00F96078 /* GetPasswordViewController.m in Sources */ = {isa = PBXBuildFile; fileRef = 75F97445219270BF00F96078 /* GetPasswordViewController.m */; };
		75F9744A2192711800F96078 /* MainNavigationViewController.m in Sources */ = {isa = PBXBuildFile; fileRef = 75F974492192711800F96078 /* MainNavigationViewController.m */; };
		75F9744D2192712D00F96078 /* MaintabbarViewController.m in Sources */ = {isa = PBXBuildFile; fileRef = 75F9744C2192712D00F96078 /* MaintabbarViewController.m */; };
		75F974562192717300F96078 /* D_ViewController.m in Sources */ = {isa = PBXBuildFile; fileRef = 75F974552192717300F96078 /* D_ViewController.m */; };
		75F974592192718300F96078 /* C_ViewController.m in Sources */ = {isa = PBXBuildFile; fileRef = 75F974582192718300F96078 /* C_ViewController.m */; };
		75F9745C2192719500F96078 /* A_ViewController.m in Sources */ = {isa = PBXBuildFile; fileRef = 75F9745B2192719500F96078 /* A_ViewController.m */; };
		75F9745F219271AA00F96078 /* B_ViewController.m in Sources */ = {isa = PBXBuildFile; fileRef = 75F9745E219271AA00F96078 /* B_ViewController.m */; };
		75F97462219271C100F96078 /* B_TableViewCell.m in Sources */ = {isa = PBXBuildFile; fileRef = 75F97461219271C100F96078 /* B_TableViewCell.m */; };
		75F97465219271D400F96078 /* TXLDetailsViewController.m in Sources */ = {isa = PBXBuildFile; fileRef = 75F97464219271D400F96078 /* TXLDetailsViewController.m */; };
		75F97468219271E400F96078 /* Center_ViewController.m in Sources */ = {isa = PBXBuildFile; fileRef = 75F97467219271E400F96078 /* Center_ViewController.m */; };
		75F9746B2192729D00F96078 /* CustomButton.m in Sources */ = {isa = PBXBuildFile; fileRef = 75F9746A2192729D00F96078 /* CustomButton.m */; };
		F614F27BB69AA7702BFC2D7D /* libPods-SRM系统.a in Frameworks */ = {isa = PBXBuildFile; fileRef = DEA2A7E2BDD962D7A1B9B6CD /* libPods-SRM系统.a */; };
/* End PBXBuildFile section */

/* Begin PBXContainerItemProxy section */
		75F9741B21926D8C00F96078 /* PBXContainerItemProxy */ = {
			isa = PBXContainerItemProxy;
			containerPortal = 75F973FA21926D8B00F96078 /* Project object */;
			proxyType = 1;
			remoteGlobalIDString = 75F9740121926D8B00F96078;
			remoteInfo = "SRM系统";
		};
		75F9742621926D8C00F96078 /* PBXContainerItemProxy */ = {
			isa = PBXContainerItemProxy;
			containerPortal = 75F973FA21926D8B00F96078 /* Project object */;
			proxyType = 1;
			remoteGlobalIDString = 75F9740121926D8B00F96078;
			remoteInfo = "SRM系统";
		};
/* End PBXContainerItemProxy section */

/* Begin PBXFileReference section */
		4B228D54238958F417A1FB76 /* Pods-SRM系统.debug.xcconfig */ = {isa = PBXFileReference; includeInIndex = 1; lastKnownFileType = text.xcconfig; name = "Pods-SRM系统.debug.xcconfig"; path = "Pods/Target Support Files/Pods-SRM系统/Pods-SRM系统.debug.xcconfig"; sourceTree = "<group>"; };
		752FEDAF2194230C0060D029 /* MOLoadHttpsData.h */ = {isa = PBXFileReference; lastKnownFileType = sourcecode.c.h; path = MOLoadHttpsData.h; sourceTree = "<group>"; };
		752FEDB02194230C0060D029 /* MOLoadHttpsData.m */ = {isa = PBXFileReference; lastKnownFileType = sourcecode.c.objc; path = MOLoadHttpsData.m; sourceTree = "<group>"; };
		75362C85219946DC00893AC3 /* JiHuiViewController.h */ = {isa = PBXFileReference; lastKnownFileType = sourcecode.c.h; path = JiHuiViewController.h; sourceTree = "<group>"; };
		75362C86219946DC00893AC3 /* JiHuiViewController.m */ = {isa = PBXFileReference; lastKnownFileType = sourcecode.c.objc; path = JiHuiViewController.m; sourceTree = "<group>"; };
		75362C892199627900893AC3 /* HeTongViewController.h */ = {isa = PBXFileReference; lastKnownFileType = sourcecode.c.h; path = HeTongViewController.h; sourceTree = "<group>"; };
		75362C8A2199627900893AC3 /* HeTongViewController.m */ = {isa = PBXFileReference; lastKnownFileType = sourcecode.c.objc; path = HeTongViewController.m; sourceTree = "<group>"; };
		75362C90219978A700893AC3 /* ShouKuanViewController.h */ = {isa = PBXFileReference; lastKnownFileType = sourcecode.c.h; path = ShouKuanViewController.h; sourceTree = "<group>"; };
		75362C91219978A700893AC3 /* ShouKuanViewController.m */ = {isa = PBXFileReference; lastKnownFileType = sourcecode.c.objc; path = ShouKuanViewController.m; sourceTree = "<group>"; };
		75362CEF219A9FD900893AC3 /* AddGongYouViewController.h */ = {isa = PBXFileReference; lastKnownFileType = sourcecode.c.h; path = AddGongYouViewController.h; sourceTree = "<group>"; };
		75362CF0219A9FD900893AC3 /* AddGongYouViewController.m */ = {isa = PBXFileReference; lastKnownFileType = sourcecode.c.objc; path = AddGongYouViewController.m; sourceTree = "<group>"; };
		75362CF4219AA33200893AC3 /* AddSiYouViewController.h */ = {isa = PBXFileReference; lastKnownFileType = sourcecode.c.h; path = AddSiYouViewController.h; sourceTree = "<group>"; };
		75362CF5219AA33200893AC3 /* AddSiYouViewController.m */ = {isa = PBXFileReference; lastKnownFileType = sourcecode.c.objc; path = AddSiYouViewController.m; sourceTree = "<group>"; };
		75362D05219AC7CD00893AC3 /* XFTreePopupView.h */ = {isa = PBXFileReference; fileEncoding = 4; lastKnownFileType = sourcecode.c.h; path = XFTreePopupView.h; sourceTree = "<group>"; };
		75362D06219AC7CD00893AC3 /* XFTreePopupView.m */ = {isa = PBXFileReference; fileEncoding = 4; lastKnownFileType = sourcecode.c.objc; path = XFTreePopupView.m; sourceTree = "<group>"; };
		755F64A621A26E09007331DA /* GouTongViewController.h */ = {isa = PBXFileReference; lastKnownFileType = sourcecode.c.h; path = GouTongViewController.h; sourceTree = "<group>"; };
		755F64A721A26E0A007331DA /* GouTongViewController.m */ = {isa = PBXFileReference; lastKnownFileType = sourcecode.c.objc; path = GouTongViewController.m; sourceTree = "<group>"; };
		7593E18D219523A400AA9BA5 /* XianSuoViewController.h */ = {isa = PBXFileReference; lastKnownFileType = sourcecode.c.h; path = XianSuoViewController.h; sourceTree = "<group>"; };
		7593E18E219523A400AA9BA5 /* XianSuoViewController.m */ = {isa = PBXFileReference; lastKnownFileType = sourcecode.c.objc; path = XianSuoViewController.m; sourceTree = "<group>"; };
		7593E19621952E8200AA9BA5 /* UserViewController.h */ = {isa = PBXFileReference; lastKnownFileType = sourcecode.c.h; path = UserViewController.h; sourceTree = "<group>"; };
		7593E19721952E8200AA9BA5 /* UserViewController.m */ = {isa = PBXFileReference; lastKnownFileType = sourcecode.c.objc; path = UserViewController.m; sourceTree = "<group>"; };
		7593E19C21954B4600AA9BA5 /* GongYouXianSuoCell.h */ = {isa = PBXFileReference; lastKnownFileType = sourcecode.c.h; path = GongYouXianSuoCell.h; sourceTree = "<group>"; };
		7593E19D21954B4600AA9BA5 /* GongYouXianSuoCell.m */ = {isa = PBXFileReference; lastKnownFileType = sourcecode.c.objc; path = GongYouXianSuoCell.m; sourceTree = "<group>"; };
		7593E19E21954B4600AA9BA5 /* GongYouXianSuoCell.xib */ = {isa = PBXFileReference; lastKnownFileType = file.xib; path = GongYouXianSuoCell.xib; sourceTree = "<group>"; };
		7593E1A621955C7500AA9BA5 /* Model.h */ = {isa = PBXFileReference; lastKnownFileType = sourcecode.c.h; path = Model.h; sourceTree = "<group>"; };
		7593E1A721955C7500AA9BA5 /* Model.m */ = {isa = PBXFileReference; lastKnownFileType = sourcecode.c.objc; path = Model.m; sourceTree = "<group>"; };
		759A8D3E219C0970006F58F7 /* AddGongYouConnectViewController.h */ = {isa = PBXFileReference; lastKnownFileType = sourcecode.c.h; path = AddGongYouConnectViewController.h; sourceTree = "<group>"; };
		759A8D3F219C0970006F58F7 /* AddGongYouConnectViewController.m */ = {isa = PBXFileReference; lastKnownFileType = sourcecode.c.objc; path = AddGongYouConnectViewController.m; sourceTree = "<group>"; };
		75A00B76219E60AE00815212 /* GTJL_Cell.h */ = {isa = PBXFileReference; lastKnownFileType = sourcecode.c.h; path = GTJL_Cell.h; sourceTree = "<group>"; };
		75A00B77219E60AE00815212 /* GTJL_Cell.m */ = {isa = PBXFileReference; lastKnownFileType = sourcecode.c.objc; path = GTJL_Cell.m; sourceTree = "<group>"; };
		75A00B78219E60AE00815212 /* GTJL_Cell.xib */ = {isa = PBXFileReference; lastKnownFileType = file.xib; path = GTJL_Cell.xib; sourceTree = "<group>"; };
		75A00C53219EC2AC00815212 /* aaa.jpg */ = {isa = PBXFileReference; lastKnownFileType = image.jpeg; path = aaa.jpg; sourceTree = "<group>"; };
		75C959DD219CF93500501E8E /* SQCustomButton.m */ = {isa = PBXFileReference; fileEncoding = 4; lastKnownFileType = sourcecode.c.objc; path = SQCustomButton.m; sourceTree = "<group>"; };
		75C959DE219CF93500501E8E /* SQCustomButton.h */ = {isa = PBXFileReference; fileEncoding = 4; lastKnownFileType = sourcecode.c.h; path = SQCustomButton.h; sourceTree = "<group>"; };
		75C959E0219D0AC400501E8E /* ADD_GouTongJiLu_ViewController.h */ = {isa = PBXFileReference; lastKnownFileType = sourcecode.c.h; path = ADD_GouTongJiLu_ViewController.h; sourceTree = "<group>"; };
		75C959E1219D0AC400501E8E /* ADD_GouTongJiLu_ViewController.m */ = {isa = PBXFileReference; lastKnownFileType = sourcecode.c.objc; path = ADD_GouTongJiLu_ViewController.m; sourceTree = "<group>"; };
		75C959E4219D1AEF00501E8E /* XianSuoDetails_One_ViewController.h */ = {isa = PBXFileReference; lastKnownFileType = sourcecode.c.h; path = XianSuoDetails_One_ViewController.h; sourceTree = "<group>"; };
		75C959E5219D1AEF00501E8E /* XianSuoDetails_One_ViewController.m */ = {isa = PBXFileReference; lastKnownFileType = sourcecode.c.objc; path = XianSuoDetails_One_ViewController.m; sourceTree = "<group>"; };
		75C959E7219D1AFF00501E8E /* XianSuoDetails_Two_ViewController.h */ = {isa = PBXFileReference; lastKnownFileType = sourcecode.c.h; path = XianSuoDetails_Two_ViewController.h; sourceTree = "<group>"; };
		75C959E8219D1AFF00501E8E /* XianSuoDetails_Two_ViewController.m */ = {isa = PBXFileReference; lastKnownFileType = sourcecode.c.objc; path = XianSuoDetails_Two_ViewController.m; sourceTree = "<group>"; };
		75D7D0DD21990F2A00B6242F /* SiYouViewController.h */ = {isa = PBXFileReference; lastKnownFileType = sourcecode.c.h; path = SiYouViewController.h; sourceTree = "<group>"; };
		75D7D0DE21990F2A00B6242F /* SiYouViewController.m */ = {isa = PBXFileReference; lastKnownFileType = sourcecode.c.objc; path = SiYouViewController.m; sourceTree = "<group>"; };
		75F9740221926D8B00F96078 /* SRM系统.app */ = {isa = PBXFileReference; explicitFileType = wrapper.application; includeInIndex = 0; path = "SRM系统.app"; sourceTree = BUILT_PRODUCTS_DIR; };
		75F9740521926D8B00F96078 /* AppDelegate.h */ = {isa = PBXFileReference; lastKnownFileType = sourcecode.c.h; path = AppDelegate.h; sourceTree = "<group>"; };
		75F9740621926D8B00F96078 /* AppDelegate.m */ = {isa = PBXFileReference; lastKnownFileType = sourcecode.c.objc; path = AppDelegate.m; sourceTree = "<group>"; };
		75F9740C21926D8B00F96078 /* Base */ = {isa = PBXFileReference; lastKnownFileType = file.storyboard; name = Base; path = Base.lproj/Main.storyboard; sourceTree = "<group>"; };
		75F9740E21926D8C00F96078 /* Assets.xcassets */ = {isa = PBXFileReference; lastKnownFileType = folder.assetcatalog; path = Assets.xcassets; sourceTree = "<group>"; };
		75F9741121926D8C00F96078 /* Base */ = {isa = PBXFileReference; lastKnownFileType = file.storyboard; name = Base; path = Base.lproj/LaunchScreen.storyboard; sourceTree = "<group>"; };
		75F9741321926D8C00F96078 /* Info.plist */ = {isa = PBXFileReference; lastKnownFileType = text.plist.xml; path = Info.plist; sourceTree = "<group>"; };
		75F9741421926D8C00F96078 /* main.m */ = {isa = PBXFileReference; lastKnownFileType = sourcecode.c.objc; path = main.m; sourceTree = "<group>"; };
		75F9741A21926D8C00F96078 /* SRM系统Tests.xctest */ = {isa = PBXFileReference; explicitFileType = wrapper.cfbundle; includeInIndex = 0; path = "SRM系统Tests.xctest"; sourceTree = BUILT_PRODUCTS_DIR; };
		75F9741E21926D8C00F96078 /* SRM__Tests.m */ = {isa = PBXFileReference; lastKnownFileType = sourcecode.c.objc; path = SRM__Tests.m; sourceTree = "<group>"; };
		75F9742021926D8C00F96078 /* Info.plist */ = {isa = PBXFileReference; lastKnownFileType = text.plist.xml; path = Info.plist; sourceTree = "<group>"; };
		75F9742521926D8C00F96078 /* SRM系统UITests.xctest */ = {isa = PBXFileReference; explicitFileType = wrapper.cfbundle; includeInIndex = 0; path = "SRM系统UITests.xctest"; sourceTree = BUILT_PRODUCTS_DIR; };
		75F9742921926D8C00F96078 /* SRM__UITests.m */ = {isa = PBXFileReference; lastKnownFileType = sourcecode.c.objc; path = SRM__UITests.m; sourceTree = "<group>"; };
		75F9742B21926D8C00F96078 /* Info.plist */ = {isa = PBXFileReference; lastKnownFileType = text.plist.xml; path = Info.plist; sourceTree = "<group>"; };
		75F974392192702C00F96078 /* Manager.h */ = {isa = PBXFileReference; lastKnownFileType = sourcecode.c.h; path = Manager.h; sourceTree = "<group>"; };
		75F9743A2192702C00F96078 /* Manager.m */ = {isa = PBXFileReference; lastKnownFileType = sourcecode.c.objc; path = Manager.m; sourceTree = "<group>"; };
		75F9743C2192703600F96078 /* PrefixHeader.pch */ = {isa = PBXFileReference; lastKnownFileType = sourcecode.c.h; path = PrefixHeader.pch; sourceTree = "<group>"; };
		75F9743E2192709F00F96078 /* LoginViewController.h */ = {isa = PBXFileReference; lastKnownFileType = sourcecode.c.h; path = LoginViewController.h; sourceTree = "<group>"; };
		75F9743F2192709F00F96078 /* LoginViewController.m */ = {isa = PBXFileReference; lastKnownFileType = sourcecode.c.objc; path = LoginViewController.m; sourceTree = "<group>"; };
		75F97441219270AF00F96078 /* RegisterViewController.h */ = {isa = PBXFileReference; lastKnownFileType = sourcecode.c.h; path = RegisterViewController.h; sourceTree = "<group>"; };
		75F97442219270AF00F96078 /* RegisterViewController.m */ = {isa = PBXFileReference; lastKnownFileType = sourcecode.c.objc; path = RegisterViewController.m; sourceTree = "<group>"; };
		75F97444219270BF00F96078 /* GetPasswordViewController.h */ = {isa = PBXFileReference; lastKnownFileType = sourcecode.c.h; path = GetPasswordViewController.h; sourceTree = "<group>"; };
		75F97445219270BF00F96078 /* GetPasswordViewController.m */ = {isa = PBXFileReference; lastKnownFileType = sourcecode.c.objc; path = GetPasswordViewController.m; sourceTree = "<group>"; };
		75F974482192711800F96078 /* MainNavigationViewController.h */ = {isa = PBXFileReference; lastKnownFileType = sourcecode.c.h; path = MainNavigationViewController.h; sourceTree = "<group>"; };
		75F974492192711800F96078 /* MainNavigationViewController.m */ = {isa = PBXFileReference; lastKnownFileType = sourcecode.c.objc; path = MainNavigationViewController.m; sourceTree = "<group>"; };
		75F9744B2192712D00F96078 /* MaintabbarViewController.h */ = {isa = PBXFileReference; lastKnownFileType = sourcecode.c.h; path = MaintabbarViewController.h; sourceTree = "<group>"; };
		75F9744C2192712D00F96078 /* MaintabbarViewController.m */ = {isa = PBXFileReference; lastKnownFileType = sourcecode.c.objc; path = MaintabbarViewController.m; sourceTree = "<group>"; };
		75F974542192717300F96078 /* D_ViewController.h */ = {isa = PBXFileReference; lastKnownFileType = sourcecode.c.h; path = D_ViewController.h; sourceTree = "<group>"; };
		75F974552192717300F96078 /* D_ViewController.m */ = {isa = PBXFileReference; lastKnownFileType = sourcecode.c.objc; path = D_ViewController.m; sourceTree = "<group>"; };
		75F974572192718300F96078 /* C_ViewController.h */ = {isa = PBXFileReference; lastKnownFileType = sourcecode.c.h; path = C_ViewController.h; sourceTree = "<group>"; };
		75F974582192718300F96078 /* C_ViewController.m */ = {isa = PBXFileReference; lastKnownFileType = sourcecode.c.objc; path = C_ViewController.m; sourceTree = "<group>"; };
		75F9745A2192719500F96078 /* A_ViewController.h */ = {isa = PBXFileReference; lastKnownFileType = sourcecode.c.h; path = A_ViewController.h; sourceTree = "<group>"; };
		75F9745B2192719500F96078 /* A_ViewController.m */ = {isa = PBXFileReference; lastKnownFileType = sourcecode.c.objc; path = A_ViewController.m; sourceTree = "<group>"; };
		75F9745D219271AA00F96078 /* B_ViewController.h */ = {isa = PBXFileReference; lastKnownFileType = sourcecode.c.h; path = B_ViewController.h; sourceTree = "<group>"; };
		75F9745E219271AA00F96078 /* B_ViewController.m */ = {isa = PBXFileReference; lastKnownFileType = sourcecode.c.objc; path = B_ViewController.m; sourceTree = "<group>"; };
		75F97460219271C100F96078 /* B_TableViewCell.h */ = {isa = PBXFileReference; lastKnownFileType = sourcecode.c.h; path = B_TableViewCell.h; sourceTree = "<group>"; };
		75F97461219271C100F96078 /* B_TableViewCell.m */ = {isa = PBXFileReference; lastKnownFileType = sourcecode.c.objc; path = B_TableViewCell.m; sourceTree = "<group>"; };
		75F97463219271D400F96078 /* TXLDetailsViewController.h */ = {isa = PBXFileReference; lastKnownFileType = sourcecode.c.h; path = TXLDetailsViewController.h; sourceTree = "<group>"; };
		75F97464219271D400F96078 /* TXLDetailsViewController.m */ = {isa = PBXFileReference; lastKnownFileType = sourcecode.c.objc; path = TXLDetailsViewController.m; sourceTree = "<group>"; };
		75F97466219271E400F96078 /* Center_ViewController.h */ = {isa = PBXFileReference; lastKnownFileType = sourcecode.c.h; path = Center_ViewController.h; sourceTree = "<group>"; };
		75F97467219271E400F96078 /* Center_ViewController.m */ = {isa = PBXFileReference; lastKnownFileType = sourcecode.c.objc; path = Center_ViewController.m; sourceTree = "<group>"; };
		75F974692192729D00F96078 /* CustomButton.h */ = {isa = PBXFileReference; lastKnownFileType = sourcecode.c.h; path = CustomButton.h; sourceTree = "<group>"; };
		75F9746A2192729D00F96078 /* CustomButton.m */ = {isa = PBXFileReference; lastKnownFileType = sourcecode.c.objc; path = CustomButton.m; sourceTree = "<group>"; };
		7BFC1037EEDD9C5B92C479CD /* Pods-SRM系统.release.xcconfig */ = {isa = PBXFileReference; includeInIndex = 1; lastKnownFileType = text.xcconfig; name = "Pods-SRM系统.release.xcconfig"; path = "Pods/Target Support Files/Pods-SRM系统/Pods-SRM系统.release.xcconfig"; sourceTree = "<group>"; };
		DEA2A7E2BDD962D7A1B9B6CD /* libPods-SRM系统.a */ = {isa = PBXFileReference; explicitFileType = archive.ar; includeInIndex = 0; path = "libPods-SRM系统.a"; sourceTree = BUILT_PRODUCTS_DIR; };
/* End PBXFileReference section */

/* Begin PBXFrameworksBuildPhase section */
		75F973FF21926D8B00F96078 /* Frameworks */ = {
			isa = PBXFrameworksBuildPhase;
			buildActionMask = 2147483647;
			files = (
				F614F27BB69AA7702BFC2D7D /* libPods-SRM系统.a in Frameworks */,
			);
			runOnlyForDeploymentPostprocessing = 0;
		};
		75F9741721926D8C00F96078 /* Frameworks */ = {
			isa = PBXFrameworksBuildPhase;
			buildActionMask = 2147483647;
			files = (
			);
			runOnlyForDeploymentPostprocessing = 0;
		};
		75F9742221926D8C00F96078 /* Frameworks */ = {
			isa = PBXFrameworksBuildPhase;
			buildActionMask = 2147483647;
			files = (
			);
			runOnlyForDeploymentPostprocessing = 0;
		};
/* End PBXFrameworksBuildPhase section */

/* Begin PBXGroup section */
		75362C822199457A00893AC3 /* personCenter */ = {
			isa = PBXGroup;
			children = (
				7593E19621952E8200AA9BA5 /* UserViewController.h */,
				7593E19721952E8200AA9BA5 /* UserViewController.m */,
			);
			path = personCenter;
			sourceTree = "<group>";
		};
		75362C832199458E00893AC3 /* model */ = {
			isa = PBXGroup;
			children = (
				7593E1A621955C7500AA9BA5 /* Model.h */,
				7593E1A721955C7500AA9BA5 /* Model.m */,
			);
			path = model;
			sourceTree = "<group>";
		};
		75362C842199459C00893AC3 /* jihui */ = {
			isa = PBXGroup;
			children = (
				75362C85219946DC00893AC3 /* JiHuiViewController.h */,
				75362C86219946DC00893AC3 /* JiHuiViewController.m */,
			);
			path = jihui;
			sourceTree = "<group>";
		};
		75362C882199621900893AC3 /* hetong */ = {
			isa = PBXGroup;
			children = (
				75362C892199627900893AC3 /* HeTongViewController.h */,
				75362C8A2199627900893AC3 /* HeTongViewController.m */,
			);
			path = hetong;
			sourceTree = "<group>";
		};
		75362C8F2199789300893AC3 /* shoukuan */ = {
			isa = PBXGroup;
			children = (
				75362C90219978A700893AC3 /* ShouKuanViewController.h */,
				75362C91219978A700893AC3 /* ShouKuanViewController.m */,
			);
			path = shoukuan;
			sourceTree = "<group>";
		};
		75362CF2219A9FE700893AC3 /* 公有线索 */ = {
			isa = PBXGroup;
			children = (
				7593E18D219523A400AA9BA5 /* XianSuoViewController.h */,
				7593E18E219523A400AA9BA5 /* XianSuoViewController.m */,
				75362CEF219A9FD900893AC3 /* AddGongYouViewController.h */,
				75362CF0219A9FD900893AC3 /* AddGongYouViewController.m */,
				759A8D3E219C0970006F58F7 /* AddGongYouConnectViewController.h */,
				759A8D3F219C0970006F58F7 /* AddGongYouConnectViewController.m */,
				75C959E0219D0AC400501E8E /* ADD_GouTongJiLu_ViewController.h */,
				75C959E1219D0AC400501E8E /* ADD_GouTongJiLu_ViewController.m */,
			);
			path = "公有线索";
			sourceTree = "<group>";
		};
		75362CF3219A9FED00893AC3 /* 私有线索 */ = {
			isa = PBXGroup;
			children = (
				75D7D0DD21990F2A00B6242F /* SiYouViewController.h */,
				75D7D0DE21990F2A00B6242F /* SiYouViewController.m */,
				75362CF4219AA33200893AC3 /* AddSiYouViewController.h */,
				75362CF5219AA33200893AC3 /* AddSiYouViewController.m */,
			);
			path = "私有线索";
			sourceTree = "<group>";
		};
		75362D03219ABA6E00893AC3 /* 下啦菜单 */ = {
			isa = PBXGroup;
			children = (
			);
			path = "下啦菜单";
			sourceTree = "<group>";
		};
		75362D04219AC7BF00893AC3 /* address */ = {
			isa = PBXGroup;
			children = (
				75362D05219AC7CD00893AC3 /* XFTreePopupView.h */,
				75362D06219AC7CD00893AC3 /* XFTreePopupView.m */,
			);
			path = address;
			sourceTree = "<group>";
		};
		7593E18C2195238B00AA9BA5 /* XianSuo */ = {
			isa = PBXGroup;
			children = (
				75C959E3219D1A3600501E8E /* 线索详情 */,
				75362CF3219A9FED00893AC3 /* 私有线索 */,
				75362CF2219A9FE700893AC3 /* 公有线索 */,
				7593E19C21954B4600AA9BA5 /* GongYouXianSuoCell.h */,
				7593E19D21954B4600AA9BA5 /* GongYouXianSuoCell.m */,
				7593E19E21954B4600AA9BA5 /* GongYouXianSuoCell.xib */,
			);
			path = XianSuo;
			sourceTree = "<group>";
		};
		75C959E3219D1A3600501E8E /* 线索详情 */ = {
			isa = PBXGroup;
			children = (
				75C959E4219D1AEF00501E8E /* XianSuoDetails_One_ViewController.h */,
				75C959E5219D1AEF00501E8E /* XianSuoDetails_One_ViewController.m */,
				75C959E7219D1AFF00501E8E /* XianSuoDetails_Two_ViewController.h */,
				75C959E8219D1AFF00501E8E /* XianSuoDetails_Two_ViewController.m */,
			);
			path = "线索详情";
			sourceTree = "<group>";
		};
		75F973F921926D8B00F96078 = {
			isa = PBXGroup;
			children = (
				75F9740421926D8B00F96078 /* SRM系统 */,
				75F9741D21926D8C00F96078 /* SRM系统Tests */,
				75F9742821926D8C00F96078 /* SRM系统UITests */,
				75F9740321926D8B00F96078 /* Products */,
				9F3AECBA8999A79FBCA15707 /* Pods */,
				772A90143AF468991932DC48 /* Frameworks */,
			);
			sourceTree = "<group>";
		};
		75F9740321926D8B00F96078 /* Products */ = {
			isa = PBXGroup;
			children = (
				75F9740221926D8B00F96078 /* SRM系统.app */,
				75F9741A21926D8C00F96078 /* SRM系统Tests.xctest */,
				75F9742521926D8C00F96078 /* SRM系统UITests.xctest */,
			);
			name = Products;
			sourceTree = "<group>";
		};
		75F9740421926D8B00F96078 /* SRM系统 */ = {
			isa = PBXGroup;
			children = (
				75362C832199458E00893AC3 /* model */,
				75362C822199457A00893AC3 /* personCenter */,
				75F9744E2192714500F96078 /* MainVC */,
				75F97447219270F000F96078 /* Main_Tabbar_Navigationbar */,
				75F9743D2192707300F96078 /* Login_Register_GetPassword */,
				75F974372192700400F96078 /* Tools */,
				75F9740521926D8B00F96078 /* AppDelegate.h */,
				75F9740621926D8B00F96078 /* AppDelegate.m */,
				75F9740B21926D8B00F96078 /* Main.storyboard */,
				75F9740E21926D8C00F96078 /* Assets.xcassets */,
				75F9741021926D8C00F96078 /* LaunchScreen.storyboard */,
				75F9741321926D8C00F96078 /* Info.plist */,
				75F9741421926D8C00F96078 /* main.m */,
			);
			path = "SRM系统";
			sourceTree = "<group>";
		};
		75F9741D21926D8C00F96078 /* SRM系统Tests */ = {
			isa = PBXGroup;
			children = (
				75F9741E21926D8C00F96078 /* SRM__Tests.m */,
				75F9742021926D8C00F96078 /* Info.plist */,
			);
			path = "SRM系统Tests";
			sourceTree = "<group>";
		};
		75F9742821926D8C00F96078 /* SRM系统UITests */ = {
			isa = PBXGroup;
			children = (
				75F9742921926D8C00F96078 /* SRM__UITests.m */,
				75F9742B21926D8C00F96078 /* Info.plist */,
			);
			path = "SRM系统UITests";
			sourceTree = "<group>";
		};
		75F974372192700400F96078 /* Tools */ = {
			isa = PBXGroup;
			children = (
				75362D04219AC7BF00893AC3 /* address */,
				75362D03219ABA6E00893AC3 /* 下啦菜单 */,
				75F974382192701800F96078 /* Button */,
				75F974392192702C00F96078 /* Manager.h */,
				75F9743A2192702C00F96078 /* Manager.m */,
				752FEDAF2194230C0060D029 /* MOLoadHttpsData.h */,
				752FEDB02194230C0060D029 /* MOLoadHttpsData.m */,
				75F9743C2192703600F96078 /* PrefixHeader.pch */,
			);
			path = Tools;
			sourceTree = "<group>";
		};
		75F974382192701800F96078 /* Button */ = {
			isa = PBXGroup;
			children = (
				75C959DE219CF93500501E8E /* SQCustomButton.h */,
				75C959DD219CF93500501E8E /* SQCustomButton.m */,
				75F974692192729D00F96078 /* CustomButton.h */,
				75F9746A2192729D00F96078 /* CustomButton.m */,
			);
			path = Button;
			sourceTree = "<group>";
		};
		75F9743D2192707300F96078 /* Login_Register_GetPassword */ = {
			isa = PBXGroup;
			children = (
				75A00C53219EC2AC00815212 /* aaa.jpg */,
				75F9743E2192709F00F96078 /* LoginViewController.h */,
				75F9743F2192709F00F96078 /* LoginViewController.m */,
				75F97441219270AF00F96078 /* RegisterViewController.h */,
				75F97442219270AF00F96078 /* RegisterViewController.m */,
				75F97444219270BF00F96078 /* GetPasswordViewController.h */,
				75F97445219270BF00F96078 /* GetPasswordViewController.m */,
			);
			path = Login_Register_GetPassword;
			sourceTree = "<group>";
		};
		75F97447219270F000F96078 /* Main_Tabbar_Navigationbar */ = {
			isa = PBXGroup;
			children = (
				75F974482192711800F96078 /* MainNavigationViewController.h */,
				75F974492192711800F96078 /* MainNavigationViewController.m */,
				75F9744B2192712D00F96078 /* MaintabbarViewController.h */,
				75F9744C2192712D00F96078 /* MaintabbarViewController.m */,
			);
			path = Main_Tabbar_Navigationbar;
			sourceTree = "<group>";
		};
		75F9744E2192714500F96078 /* MainVC */ = {
			isa = PBXGroup;
			children = (
				75F974532192715B00F96078 /* 5 */,
				75F974522192715800F96078 /* 4 */,
				75F974512192715400F96078 /* 3 */,
				75F974502192715100F96078 /* 2 */,
				75F9744F2192714D00F96078 /* 1 */,
			);
			path = MainVC;
			sourceTree = "<group>";
		};
		75F9744F2192714D00F96078 /* 1 */ = {
			isa = PBXGroup;
			children = (
				75F9745A2192719500F96078 /* A_ViewController.h */,
				75F9745B2192719500F96078 /* A_ViewController.m */,
			);
			path = 1;
			sourceTree = "<group>";
		};
		75F974502192715100F96078 /* 2 */ = {
			isa = PBXGroup;
			children = (
				75F9745D219271AA00F96078 /* B_ViewController.h */,
				75F9745E219271AA00F96078 /* B_ViewController.m */,
				75F97463219271D400F96078 /* TXLDetailsViewController.h */,
				75F97464219271D400F96078 /* TXLDetailsViewController.m */,
				755F64A621A26E09007331DA /* GouTongViewController.h */,
				755F64A721A26E0A007331DA /* GouTongViewController.m */,
				75A00B76219E60AE00815212 /* GTJL_Cell.h */,
				75A00B77219E60AE00815212 /* GTJL_Cell.m */,
				75A00B78219E60AE00815212 /* GTJL_Cell.xib */,
				75F97460219271C100F96078 /* B_TableViewCell.h */,
				75F97461219271C100F96078 /* B_TableViewCell.m */,
			);
			path = 2;
			sourceTree = "<group>";
		};
		75F974512192715400F96078 /* 3 */ = {
			isa = PBXGroup;
			children = (
				75F97466219271E400F96078 /* Center_ViewController.h */,
				75F97467219271E400F96078 /* Center_ViewController.m */,
				75362C8F2199789300893AC3 /* shoukuan */,
				75362C882199621900893AC3 /* hetong */,
				75362C842199459C00893AC3 /* jihui */,
				7593E18C2195238B00AA9BA5 /* XianSuo */,
			);
			path = 3;
			sourceTree = "<group>";
		};
		75F974522192715800F96078 /* 4 */ = {
			isa = PBXGroup;
			children = (
				75F974572192718300F96078 /* C_ViewController.h */,
				75F974582192718300F96078 /* C_ViewController.m */,
			);
			path = 4;
			sourceTree = "<group>";
		};
		75F974532192715B00F96078 /* 5 */ = {
			isa = PBXGroup;
			children = (
				75F974542192717300F96078 /* D_ViewController.h */,
				75F974552192717300F96078 /* D_ViewController.m */,
			);
			path = 5;
			sourceTree = "<group>";
		};
		772A90143AF468991932DC48 /* Frameworks */ = {
			isa = PBXGroup;
			children = (
				DEA2A7E2BDD962D7A1B9B6CD /* libPods-SRM系统.a */,
			);
			name = Frameworks;
			sourceTree = "<group>";
		};
		9F3AECBA8999A79FBCA15707 /* Pods */ = {
			isa = PBXGroup;
			children = (
				4B228D54238958F417A1FB76 /* Pods-SRM系统.debug.xcconfig */,
				7BFC1037EEDD9C5B92C479CD /* Pods-SRM系统.release.xcconfig */,
			);
			name = Pods;
			sourceTree = "<group>";
		};
/* End PBXGroup section */

/* Begin PBXNativeTarget section */
		75F9740121926D8B00F96078 /* SRM系统 */ = {
			isa = PBXNativeTarget;
			buildConfigurationList = 75F9742E21926D8C00F96078 /* Build configuration list for PBXNativeTarget "SRM系统" */;
			buildPhases = (
				E8DC4F22E175C73663247E8B /* [CP] Check Pods Manifest.lock */,
				75F973FE21926D8B00F96078 /* Sources */,
				75F973FF21926D8B00F96078 /* Frameworks */,
				75F9740021926D8B00F96078 /* Resources */,
				D69E8FAA389907BF4E0DF6CE /* [CP] Embed Pods Frameworks */,
				B01D6D9B5822C7BD1D0ECF57 /* [CP] Copy Pods Resources */,
			);
			buildRules = (
			);
			dependencies = (
			);
			name = "SRM系统";
			productName = "SRM系统";
			productReference = 75F9740221926D8B00F96078 /* SRM系统.app */;
			productType = "com.apple.product-type.application";
		};
		75F9741921926D8C00F96078 /* SRM系统Tests */ = {
			isa = PBXNativeTarget;
			buildConfigurationList = 75F9743121926D8C00F96078 /* Build configuration list for PBXNativeTarget "SRM系统Tests" */;
			buildPhases = (
				75F9741621926D8C00F96078 /* Sources */,
				75F9741721926D8C00F96078 /* Frameworks */,
				75F9741821926D8C00F96078 /* Resources */,
			);
			buildRules = (
			);
			dependencies = (
				75F9741C21926D8C00F96078 /* PBXTargetDependency */,
			);
			name = "SRM系统Tests";
			productName = "SRM系统Tests";
			productReference = 75F9741A21926D8C00F96078 /* SRM系统Tests.xctest */;
			productType = "com.apple.product-type.bundle.unit-test";
		};
		75F9742421926D8C00F96078 /* SRM系统UITests */ = {
			isa = PBXNativeTarget;
			buildConfigurationList = 75F9743421926D8C00F96078 /* Build configuration list for PBXNativeTarget "SRM系统UITests" */;
			buildPhases = (
				75F9742121926D8C00F96078 /* Sources */,
				75F9742221926D8C00F96078 /* Frameworks */,
				75F9742321926D8C00F96078 /* Resources */,
			);
			buildRules = (
			);
			dependencies = (
				75F9742721926D8C00F96078 /* PBXTargetDependency */,
			);
			name = "SRM系统UITests";
			productName = "SRM系统UITests";
			productReference = 75F9742521926D8C00F96078 /* SRM系统UITests.xctest */;
			productType = "com.apple.product-type.bundle.ui-testing";
		};
/* End PBXNativeTarget section */

/* Begin PBXProject section */
		75F973FA21926D8B00F96078 /* Project object */ = {
			isa = PBXProject;
			attributes = {
				LastUpgradeCheck = 1010;
				ORGANIZATIONNAME = "吕书涛";
				TargetAttributes = {
					75F9740121926D8B00F96078 = {
						CreatedOnToolsVersion = 10.1;
					};
					75F9741921926D8C00F96078 = {
						CreatedOnToolsVersion = 10.1;
						TestTargetID = 75F9740121926D8B00F96078;
					};
					75F9742421926D8C00F96078 = {
						CreatedOnToolsVersion = 10.1;
						TestTargetID = 75F9740121926D8B00F96078;
					};
				};
			};
			buildConfigurationList = 75F973FD21926D8B00F96078 /* Build configuration list for PBXProject "SRM系统" */;
			compatibilityVersion = "Xcode 9.3";
			developmentRegion = en;
			hasScannedForEncodings = 0;
			knownRegions = (
				en,
				Base,
			);
			mainGroup = 75F973F921926D8B00F96078;
			productRefGroup = 75F9740321926D8B00F96078 /* Products */;
			projectDirPath = "";
			projectRoot = "";
			targets = (
				75F9740121926D8B00F96078 /* SRM系统 */,
				75F9741921926D8C00F96078 /* SRM系统Tests */,
				75F9742421926D8C00F96078 /* SRM系统UITests */,
			);
		};
/* End PBXProject section */

/* Begin PBXResourcesBuildPhase section */
		75F9740021926D8B00F96078 /* Resources */ = {
			isa = PBXResourcesBuildPhase;
			buildActionMask = 2147483647;
			files = (
				75F9741221926D8C00F96078 /* LaunchScreen.storyboard in Resources */,
				75A00C54219EC2AC00815212 /* aaa.jpg in Resources */,
				75A00B7A219E60AE00815212 /* GTJL_Cell.xib in Resources */,
				75F9740F21926D8C00F96078 /* Assets.xcassets in Resources */,
				7593E1A021954B4600AA9BA5 /* GongYouXianSuoCell.xib in Resources */,
				75F9740D21926D8B00F96078 /* Main.storyboard in Resources */,
			);
			runOnlyForDeploymentPostprocessing = 0;
		};
		75F9741821926D8C00F96078 /* Resources */ = {
			isa = PBXResourcesBuildPhase;
			buildActionMask = 2147483647;
			files = (
			);
			runOnlyForDeploymentPostprocessing = 0;
		};
		75F9742321926D8C00F96078 /* Resources */ = {
			isa = PBXResourcesBuildPhase;
			buildActionMask = 2147483647;
			files = (
			);
			runOnlyForDeploymentPostprocessing = 0;
		};
/* End PBXResourcesBuildPhase section */

/* Begin PBXShellScriptBuildPhase section */
		B01D6D9B5822C7BD1D0ECF57 /* [CP] Copy Pods Resources */ = {
			isa = PBXShellScriptBuildPhase;
			buildActionMask = 2147483647;
			files = (
			);
			inputPaths = (
				"${SRCROOT}/Pods/Target Support Files/Pods-SRM系统/Pods-SRM系统-resources.sh",
				"${PODS_ROOT}/IQKeyboardManager/IQKeyboardManager/Resources/IQKeyboardManager.bundle",
				"${PODS_ROOT}/MJRefresh/MJRefresh/MJRefresh.bundle",
				"${PODS_ROOT}/PGDatePicker/PGDatePicker/PGDatePicker.bundle",
			);
			name = "[CP] Copy Pods Resources";
			outputPaths = (
				"${TARGET_BUILD_DIR}/${UNLOCALIZED_RESOURCES_FOLDER_PATH}/IQKeyboardManager.bundle",
				"${TARGET_BUILD_DIR}/${UNLOCALIZED_RESOURCES_FOLDER_PATH}/MJRefresh.bundle",
				"${TARGET_BUILD_DIR}/${UNLOCALIZED_RESOURCES_FOLDER_PATH}/PGDatePicker.bundle",
			);
			runOnlyForDeploymentPostprocessing = 0;
			shellPath = /bin/sh;
			shellScript = "\"${SRCROOT}/Pods/Target Support Files/Pods-SRM系统/Pods-SRM系统-resources.sh\"\n";
			showEnvVarsInLog = 0;
		};
		D69E8FAA389907BF4E0DF6CE /* [CP] Embed Pods Frameworks */ = {
			isa = PBXShellScriptBuildPhase;
			buildActionMask = 2147483647;
			files = (
			);
			inputPaths = (
			);
			name = "[CP] Embed Pods Frameworks";
			outputPaths = (
			);
			runOnlyForDeploymentPostprocessing = 0;
			shellPath = /bin/sh;
			shellScript = "\"${SRCROOT}/Pods/Target Support Files/Pods-SRM系统/Pods-SRM系统-frameworks.sh\"\n";
			showEnvVarsInLog = 0;
		};
		E8DC4F22E175C73663247E8B /* [CP] Check Pods Manifest.lock */ = {
			isa = PBXShellScriptBuildPhase;
			buildActionMask = 2147483647;
			files = (
			);
			inputPaths = (
				"${PODS_PODFILE_DIR_PATH}/Podfile.lock",
				"${PODS_ROOT}/Manifest.lock",
			);
			name = "[CP] Check Pods Manifest.lock";
			outputPaths = (
				"$(DERIVED_FILE_DIR)/Pods-SRM系统-checkManifestLockResult.txt",
			);
			runOnlyForDeploymentPostprocessing = 0;
			shellPath = /bin/sh;
			shellScript = "diff \"${PODS_PODFILE_DIR_PATH}/Podfile.lock\" \"${PODS_ROOT}/Manifest.lock\" > /dev/null\nif [ $? != 0 ] ; then\n    # print error to STDERR\n    echo \"error: The sandbox is not in sync with the Podfile.lock. Run 'pod install' or update your CocoaPods installation.\" >&2\n    exit 1\nfi\n# This output is used by Xcode 'outputs' to avoid re-running this script phase.\necho \"SUCCESS\" > \"${SCRIPT_OUTPUT_FILE_0}\"\n";
			showEnvVarsInLog = 0;
		};
/* End PBXShellScriptBuildPhase section */

/* Begin PBXSourcesBuildPhase section */
		75F973FE21926D8B00F96078 /* Sources */ = {
			isa = PBXSourcesBuildPhase;
			buildActionMask = 2147483647;
			files = (
				75A00B79219E60AE00815212 /* GTJL_Cell.m in Sources */,
				7593E19821952E8200AA9BA5 /* UserViewController.m in Sources */,
				75362CF1219A9FD900893AC3 /* AddGongYouViewController.m in Sources */,
				75F9746B2192729D00F96078 /* CustomButton.m in Sources */,
				75F974592192718300F96078 /* C_ViewController.m in Sources */,
				75362CF6219AA33200893AC3 /* AddSiYouViewController.m in Sources */,
				75F97443219270AF00F96078 /* RegisterViewController.m in Sources */,
				75F974402192709F00F96078 /* LoginViewController.m in Sources */,
				75F97446219270BF00F96078 /* GetPasswordViewController.m in Sources */,
				75F97462219271C100F96078 /* B_TableViewCell.m in Sources */,
				75C959DF219CF93500501E8E /* SQCustomButton.m in Sources */,
				752FEDB12194230C0060D029 /* MOLoadHttpsData.m in Sources */,
				75362C87219946DC00893AC3 /* JiHuiViewController.m in Sources */,
				75362C92219978A700893AC3 /* ShouKuanViewController.m in Sources */,
				75F9745C2192719500F96078 /* A_ViewController.m in Sources */,
				75F97465219271D400F96078 /* TXLDetailsViewController.m in Sources */,
				75F9741521926D8C00F96078 /* main.m in Sources */,
				75C959E2219D0AC400501E8E /* ADD_GouTongJiLu_ViewController.m in Sources */,
				75D7D0DF21990F2A00B6242F /* SiYouViewController.m in Sources */,
				75362C8B2199627900893AC3 /* HeTongViewController.m in Sources */,
				75362D07219AC7CD00893AC3 /* XFTreePopupView.m in Sources */,
				75C959E6219D1AEF00501E8E /* XianSuoDetails_One_ViewController.m in Sources */,
				7593E1A821955C7500AA9BA5 /* Model.m in Sources */,
				7593E18F219523A400AA9BA5 /* XianSuoViewController.m in Sources */,
				75F9743B2192702C00F96078 /* Manager.m in Sources */,
				75F9744D2192712D00F96078 /* MaintabbarViewController.m in Sources */,
				7593E19F21954B4600AA9BA5 /* GongYouXianSuoCell.m in Sources */,
				75F9744A2192711800F96078 /* MainNavigationViewController.m in Sources */,
				75C959E9219D1AFF00501E8E /* XianSuoDetails_Two_ViewController.m in Sources */,
				75F97468219271E400F96078 /* Center_ViewController.m in Sources */,
				75F9745F219271AA00F96078 /* B_ViewController.m in Sources */,
				75F974562192717300F96078 /* D_ViewController.m in Sources */,
				759A8D40219C0970006F58F7 /* AddGongYouConnectViewController.m in Sources */,
				755F64A821A26E0A007331DA /* GouTongViewController.m in Sources */,
				75F9740721926D8B00F96078 /* AppDelegate.m in Sources */,
			);
			runOnlyForDeploymentPostprocessing = 0;
		};
		75F9741621926D8C00F96078 /* Sources */ = {
			isa = PBXSourcesBuildPhase;
			buildActionMask = 2147483647;
			files = (
				75F9741F21926D8C00F96078 /* SRM__Tests.m in Sources */,
			);
			runOnlyForDeploymentPostprocessing = 0;
		};
		75F9742121926D8C00F96078 /* Sources */ = {
			isa = PBXSourcesBuildPhase;
			buildActionMask = 2147483647;
			files = (
				75F9742A21926D8C00F96078 /* SRM__UITests.m in Sources */,
			);
			runOnlyForDeploymentPostprocessing = 0;
		};
/* End PBXSourcesBuildPhase section */

/* Begin PBXTargetDependency section */
		75F9741C21926D8C00F96078 /* PBXTargetDependency */ = {
			isa = PBXTargetDependency;
			target = 75F9740121926D8B00F96078 /* SRM系统 */;
			targetProxy = 75F9741B21926D8C00F96078 /* PBXContainerItemProxy */;
		};
		75F9742721926D8C00F96078 /* PBXTargetDependency */ = {
			isa = PBXTargetDependency;
			target = 75F9740121926D8B00F96078 /* SRM系统 */;
			targetProxy = 75F9742621926D8C00F96078 /* PBXContainerItemProxy */;
		};
/* End PBXTargetDependency section */

/* Begin PBXVariantGroup section */
		75F9740B21926D8B00F96078 /* Main.storyboard */ = {
			isa = PBXVariantGroup;
			children = (
				75F9740C21926D8B00F96078 /* Base */,
			);
			name = Main.storyboard;
			sourceTree = "<group>";
		};
		75F9741021926D8C00F96078 /* LaunchScreen.storyboard */ = {
			isa = PBXVariantGroup;
			children = (
				75F9741121926D8C00F96078 /* Base */,
			);
			name = LaunchScreen.storyboard;
			sourceTree = "<group>";
		};
/* End PBXVariantGroup section */

/* Begin XCBuildConfiguration section */
		75F9742C21926D8C00F96078 /* Debug */ = {
			isa = XCBuildConfiguration;
			buildSettings = {
				ALWAYS_SEARCH_USER_PATHS = NO;
				CLANG_ANALYZER_NONNULL = YES;
				CLANG_ANALYZER_NUMBER_OBJECT_CONVERSION = YES_AGGRESSIVE;
				CLANG_CXX_LANGUAGE_STANDARD = "gnu++14";
				CLANG_CXX_LIBRARY = "libc++";
				CLANG_ENABLE_MODULES = YES;
				CLANG_ENABLE_OBJC_ARC = YES;
				CLANG_ENABLE_OBJC_WEAK = YES;
				CLANG_WARN_BLOCK_CAPTURE_AUTORELEASING = YES;
				CLANG_WARN_BOOL_CONVERSION = YES;
				CLANG_WARN_COMMA = YES;
				CLANG_WARN_CONSTANT_CONVERSION = YES;
				CLANG_WARN_DEPRECATED_OBJC_IMPLEMENTATIONS = YES;
				CLANG_WARN_DIRECT_OBJC_ISA_USAGE = YES_ERROR;
				CLANG_WARN_DOCUMENTATION_COMMENTS = YES;
				CLANG_WARN_EMPTY_BODY = YES;
				CLANG_WARN_ENUM_CONVERSION = YES;
				CLANG_WARN_INFINITE_RECURSION = YES;
				CLANG_WARN_INT_CONVERSION = YES;
				CLANG_WARN_NON_LITERAL_NULL_CONVERSION = YES;
				CLANG_WARN_OBJC_IMPLICIT_RETAIN_SELF = YES;
				CLANG_WARN_OBJC_LITERAL_CONVERSION = YES;
				CLANG_WARN_OBJC_ROOT_CLASS = YES_ERROR;
				CLANG_WARN_RANGE_LOOP_ANALYSIS = YES;
				CLANG_WARN_STRICT_PROTOTYPES = YES;
				CLANG_WARN_SUSPICIOUS_MOVE = YES;
				CLANG_WARN_UNGUARDED_AVAILABILITY = YES_AGGRESSIVE;
				CLANG_WARN_UNREACHABLE_CODE = YES;
				CLANG_WARN__DUPLICATE_METHOD_MATCH = YES;
				CODE_SIGN_IDENTITY = "iPhone Developer";
				COPY_PHASE_STRIP = NO;
				DEBUG_INFORMATION_FORMAT = dwarf;
				ENABLE_STRICT_OBJC_MSGSEND = YES;
				ENABLE_TESTABILITY = YES;
				GCC_C_LANGUAGE_STANDARD = gnu11;
				GCC_DYNAMIC_NO_PIC = NO;
				GCC_NO_COMMON_BLOCKS = YES;
				GCC_OPTIMIZATION_LEVEL = 0;
				GCC_PREPROCESSOR_DEFINITIONS = (
					"DEBUG=1",
					"$(inherited)",
				);
				GCC_WARN_64_TO_32_BIT_CONVERSION = YES;
				GCC_WARN_ABOUT_RETURN_TYPE = YES_ERROR;
				GCC_WARN_UNDECLARED_SELECTOR = YES;
				GCC_WARN_UNINITIALIZED_AUTOS = YES_AGGRESSIVE;
				GCC_WARN_UNUSED_FUNCTION = YES;
				GCC_WARN_UNUSED_VARIABLE = YES;
				IPHONEOS_DEPLOYMENT_TARGET = 12.1;
				MTL_ENABLE_DEBUG_INFO = INCLUDE_SOURCE;
				MTL_FAST_MATH = YES;
				ONLY_ACTIVE_ARCH = YES;
				SDKROOT = iphoneos;
			};
			name = Debug;
		};
		75F9742D21926D8C00F96078 /* Release */ = {
			isa = XCBuildConfiguration;
			buildSettings = {
				ALWAYS_SEARCH_USER_PATHS = NO;
				CLANG_ANALYZER_NONNULL = YES;
				CLANG_ANALYZER_NUMBER_OBJECT_CONVERSION = YES_AGGRESSIVE;
				CLANG_CXX_LANGUAGE_STANDARD = "gnu++14";
				CLANG_CXX_LIBRARY = "libc++";
				CLANG_ENABLE_MODULES = YES;
				CLANG_ENABLE_OBJC_ARC = YES;
				CLANG_ENABLE_OBJC_WEAK = YES;
				CLANG_WARN_BLOCK_CAPTURE_AUTORELEASING = YES;
				CLANG_WARN_BOOL_CONVERSION = YES;
				CLANG_WARN_COMMA = YES;
				CLANG_WARN_CONSTANT_CONVERSION = YES;
				CLANG_WARN_DEPRECATED_OBJC_IMPLEMENTATIONS = YES;
				CLANG_WARN_DIRECT_OBJC_ISA_USAGE = YES_ERROR;
				CLANG_WARN_DOCUMENTATION_COMMENTS = YES;
				CLANG_WARN_EMPTY_BODY = YES;
				CLANG_WARN_ENUM_CONVERSION = YES;
				CLANG_WARN_INFINITE_RECURSION = YES;
				CLANG_WARN_INT_CONVERSION = YES;
				CLANG_WARN_NON_LITERAL_NULL_CONVERSION = YES;
				CLANG_WARN_OBJC_IMPLICIT_RETAIN_SELF = YES;
				CLANG_WARN_OBJC_LITERAL_CONVERSION = YES;
				CLANG_WARN_OBJC_ROOT_CLASS = YES_ERROR;
				CLANG_WARN_RANGE_LOOP_ANALYSIS = YES;
				CLANG_WARN_STRICT_PROTOTYPES = YES;
				CLANG_WARN_SUSPICIOUS_MOVE = YES;
				CLANG_WARN_UNGUARDED_AVAILABILITY = YES_AGGRESSIVE;
				CLANG_WARN_UNREACHABLE_CODE = YES;
				CLANG_WARN__DUPLICATE_METHOD_MATCH = YES;
				CODE_SIGN_IDENTITY = "iPhone Developer";
				COPY_PHASE_STRIP = NO;
				DEBUG_INFORMATION_FORMAT = "dwarf-with-dsym";
				ENABLE_NS_ASSERTIONS = NO;
				ENABLE_STRICT_OBJC_MSGSEND = YES;
				GCC_C_LANGUAGE_STANDARD = gnu11;
				GCC_NO_COMMON_BLOCKS = YES;
				GCC_WARN_64_TO_32_BIT_CONVERSION = YES;
				GCC_WARN_ABOUT_RETURN_TYPE = YES_ERROR;
				GCC_WARN_UNDECLARED_SELECTOR = YES;
				GCC_WARN_UNINITIALIZED_AUTOS = YES_AGGRESSIVE;
				GCC_WARN_UNUSED_FUNCTION = YES;
				GCC_WARN_UNUSED_VARIABLE = YES;
				IPHONEOS_DEPLOYMENT_TARGET = 12.1;
				MTL_ENABLE_DEBUG_INFO = NO;
				MTL_FAST_MATH = YES;
				SDKROOT = iphoneos;
				VALIDATE_PRODUCT = YES;
			};
			name = Release;
		};
		75F9742F21926D8C00F96078 /* Debug */ = {
			isa = XCBuildConfiguration;
			baseConfigurationReference = 4B228D54238958F417A1FB76 /* Pods-SRM系统.debug.xcconfig */;
			buildSettings = {
				ASSETCATALOG_COMPILER_APPICON_NAME = AppIcon;
				CODE_SIGN_STYLE = Automatic;
				DEVELOPMENT_TEAM = N95V3EZZEM;
				GCC_PREFIX_HEADER = "/Users/lvshutao/Desktop/公司项目/SRM系统/SRM系统/Tools/PrefixHeader.pch";
				INFOPLIST_FILE = "SRM系统/Info.plist";
				IPHONEOS_DEPLOYMENT_TARGET = 8.0;
				LD_RUNPATH_SEARCH_PATHS = (
					"$(inherited)",
					"@executable_path/Frameworks",
				);
				PRODUCT_BUNDLE_IDENTIFIER = "lvshutao.SRM--";
				PRODUCT_NAME = "$(TARGET_NAME)";
				TARGETED_DEVICE_FAMILY = 1;
			};
			name = Debug;
		};
		75F9743021926D8C00F96078 /* Release */ = {
			isa = XCBuildConfiguration;
			baseConfigurationReference = 7BFC1037EEDD9C5B92C479CD /* Pods-SRM系统.release.xcconfig */;
			buildSettings = {
				ASSETCATALOG_COMPILER_APPICON_NAME = AppIcon;
				CODE_SIGN_STYLE = Automatic;
				DEVELOPMENT_TEAM = N95V3EZZEM;
				GCC_PREFIX_HEADER = "/Users/lvshutao/Desktop/公司项目/SRM系统/SRM系统/Tools/PrefixHeader.pch";
				INFOPLIST_FILE = "SRM系统/Info.plist";
				IPHONEOS_DEPLOYMENT_TARGET = 8.0;
				LD_RUNPATH_SEARCH_PATHS = (
					"$(inherited)",
					"@executable_path/Frameworks",
				);
				PRODUCT_BUNDLE_IDENTIFIER = "lvshutao.SRM--";
				PRODUCT_NAME = "$(TARGET_NAME)";
				TARGETED_DEVICE_FAMILY = 1;
			};
			name = Release;
		};
		75F9743221926D8C00F96078 /* Debug */ = {
			isa = XCBuildConfiguration;
			buildSettings = {
				BUNDLE_LOADER = "$(TEST_HOST)";
				CODE_SIGN_STYLE = Automatic;
				DEVELOPMENT_TEAM = N95V3EZZEM;
				INFOPLIST_FILE = "SRM系统Tests/Info.plist";
				LD_RUNPATH_SEARCH_PATHS = (
					"$(inherited)",
					"@executable_path/Frameworks",
					"@loader_path/Frameworks",
				);
				PRODUCT_BUNDLE_IDENTIFIER = "lvshutao.SRM--Tests";
				PRODUCT_NAME = "$(TARGET_NAME)";
				TARGETED_DEVICE_FAMILY = "1,2";
				TEST_HOST = "$(BUILT_PRODUCTS_DIR)/SRM系统.app/SRM系统";
			};
			name = Debug;
		};
		75F9743321926D8C00F96078 /* Release */ = {
			isa = XCBuildConfiguration;
			buildSettings = {
				BUNDLE_LOADER = "$(TEST_HOST)";
				CODE_SIGN_STYLE = Automatic;
				DEVELOPMENT_TEAM = N95V3EZZEM;
				INFOPLIST_FILE = "SRM系统Tests/Info.plist";
				LD_RUNPATH_SEARCH_PATHS = (
					"$(inherited)",
					"@executable_path/Frameworks",
					"@loader_path/Frameworks",
				);
				PRODUCT_BUNDLE_IDENTIFIER = "lvshutao.SRM--Tests";
				PRODUCT_NAME = "$(TARGET_NAME)";
				TARGETED_DEVICE_FAMILY = "1,2";
				TEST_HOST = "$(BUILT_PRODUCTS_DIR)/SRM系统.app/SRM系统";
			};
			name = Release;
		};
		75F9743521926D8C00F96078 /* Debug */ = {
			isa = XCBuildConfiguration;
			buildSettings = {
				CODE_SIGN_STYLE = Automatic;
				DEVELOPMENT_TEAM = N95V3EZZEM;
				INFOPLIST_FILE = "SRM系统UITests/Info.plist";
				LD_RUNPATH_SEARCH_PATHS = (
					"$(inherited)",
					"@executable_path/Frameworks",
					"@loader_path/Frameworks",
				);
				PRODUCT_BUNDLE_IDENTIFIER = "lvshutao.SRM--UITests";
				PRODUCT_NAME = "$(TARGET_NAME)";
				TARGETED_DEVICE_FAMILY = "1,2";
				TEST_TARGET_NAME = "SRM系统";
			};
			name = Debug;
		};
		75F9743621926D8C00F96078 /* Release */ = {
			isa = XCBuildConfiguration;
			buildSettings = {
				CODE_SIGN_STYLE = Automatic;
				DEVELOPMENT_TEAM = N95V3EZZEM;
				INFOPLIST_FILE = "SRM系统UITests/Info.plist";
				LD_RUNPATH_SEARCH_PATHS = (
					"$(inherited)",
					"@executable_path/Frameworks",
					"@loader_path/Frameworks",
				);
				PRODUCT_BUNDLE_IDENTIFIER = "lvshutao.SRM--UITests";
				PRODUCT_NAME = "$(TARGET_NAME)";
				TARGETED_DEVICE_FAMILY = "1,2";
				TEST_TARGET_NAME = "SRM系统";
			};
			name = Release;
		};
/* End XCBuildConfiguration section */

/* Begin XCConfigurationList section */
		75F973FD21926D8B00F96078 /* Build configuration list for PBXProject "SRM系统" */ = {
			isa = XCConfigurationList;
			buildConfigurations = (
				75F9742C21926D8C00F96078 /* Debug */,
				75F9742D21926D8C00F96078 /* Release */,
			);
			defaultConfigurationIsVisible = 0;
			defaultConfigurationName = Release;
		};
		75F9742E21926D8C00F96078 /* Build configuration list for PBXNativeTarget "SRM系统" */ = {
			isa = XCConfigurationList;
			buildConfigurations = (
				75F9742F21926D8C00F96078 /* Debug */,
				75F9743021926D8C00F96078 /* Release */,
			);
			defaultConfigurationIsVisible = 0;
			defaultConfigurationName = Release;
		};
		75F9743121926D8C00F96078 /* Build configuration list for PBXNativeTarget "SRM系统Tests" */ = {
			isa = XCConfigurationList;
			buildConfigurations = (
				75F9743221926D8C00F96078 /* Debug */,
				75F9743321926D8C00F96078 /* Release */,
			);
			defaultConfigurationIsVisible = 0;
			defaultConfigurationName = Release;
		};
		75F9743421926D8C00F96078 /* Build configuration list for PBXNativeTarget "SRM系统UITests" */ = {
			isa = XCConfigurationList;
			buildConfigurations = (
				75F9743521926D8C00F96078 /* Debug */,
				75F9743621926D8C00F96078 /* Release */,
			);
			defaultConfigurationIsVisible = 0;
			defaultConfigurationName = Release;
		};
/* End XCConfigurationList section */
	};
	rootObject = 75F973FA21926D8B00F96078 /* Project object */;
}
